// !$*UTF8*$!
{
	archiveVersion = 1;
	classes = {
	};
	objectVersion = 50;
	objects = {

/* Begin PBXBuildFile section */
		613BC1DC23EF629100A850D5 /* AppDelegate.swift in Sources */ = {isa = PBXBuildFile; fileRef = 613BC1DB23EF629100A850D5 /* AppDelegate.swift */; };
		613BC1DE23EF629100A850D5 /* ViewController.swift in Sources */ = {isa = PBXBuildFile; fileRef = 613BC1DD23EF629100A850D5 /* ViewController.swift */; };
		613BC1E123EF629100A850D5 /* Main.storyboard in Resources */ = {isa = PBXBuildFile; fileRef = 613BC1DF23EF629100A850D5 /* Main.storyboard */; };
		613BC1E323EF629200A850D5 /* Assets.xcassets in Resources */ = {isa = PBXBuildFile; fileRef = 613BC1E223EF629200A850D5 /* Assets.xcassets */; };
		613BC1E623EF629200A850D5 /* LaunchScreen.storyboard in Resources */ = {isa = PBXBuildFile; fileRef = 613BC1E423EF629200A850D5 /* LaunchScreen.storyboard */; };
		613BC1F123EF629300A850D5 /* call_managerTests.swift in Sources */ = {isa = PBXBuildFile; fileRef = 613BC1F023EF629300A850D5 /* call_managerTests.swift */; };
		613BC1FC23EF629300A850D5 /* call_managerUITests.swift in Sources */ = {isa = PBXBuildFile; fileRef = 613BC1FB23EF629300A850D5 /* call_managerUITests.swift */; };
/* End PBXBuildFile section */

/* Begin PBXContainerItemProxy section */
		613BC1ED23EF629300A850D5 /* PBXContainerItemProxy */ = {
			isa = PBXContainerItemProxy;
			containerPortal = 613BC1D023EF629100A850D5 /* Project object */;
			proxyType = 1;
			remoteGlobalIDString = 613BC1D723EF629100A850D5;
			remoteInfo = "call-manager";
		};
		613BC1F823EF629300A850D5 /* PBXContainerItemProxy */ = {
			isa = PBXContainerItemProxy;
			containerPortal = 613BC1D023EF629100A850D5 /* Project object */;
			proxyType = 1;
			remoteGlobalIDString = 613BC1D723EF629100A850D5;
			remoteInfo = "call-manager";
		};
/* End PBXContainerItemProxy section */

/* Begin PBXFileReference section */
		613BC1D823EF629100A850D5 /* call-manager.app */ = {isa = PBXFileReference; explicitFileType = wrapper.application; includeInIndex = 0; path = "call-manager.app"; sourceTree = BUILT_PRODUCTS_DIR; };
		613BC1DB23EF629100A850D5 /* AppDelegate.swift */ = {isa = PBXFileReference; lastKnownFileType = sourcecode.swift; path = AppDelegate.swift; sourceTree = "<group>"; };
		613BC1DD23EF629100A850D5 /* ViewController.swift */ = {isa = PBXFileReference; lastKnownFileType = sourcecode.swift; path = ViewController.swift; sourceTree = "<group>"; };
		613BC1E023EF629100A850D5 /* Base */ = {isa = PBXFileReference; lastKnownFileType = file.storyboard; name = Base; path = Base.lproj/Main.storyboard; sourceTree = "<group>"; };
		613BC1E223EF629200A850D5 /* Assets.xcassets */ = {isa = PBXFileReference; lastKnownFileType = folder.assetcatalog; path = Assets.xcassets; sourceTree = "<group>"; };
		613BC1E523EF629200A850D5 /* Base */ = {isa = PBXFileReference; lastKnownFileType = file.storyboard; name = Base; path = Base.lproj/LaunchScreen.storyboard; sourceTree = "<group>"; };
		613BC1E723EF629200A850D5 /* Info.plist */ = {isa = PBXFileReference; lastKnownFileType = text.plist.xml; path = Info.plist; sourceTree = "<group>"; };
		613BC1EC23EF629300A850D5 /* call-managerTests.xctest */ = {isa = PBXFileReference; explicitFileType = wrapper.cfbundle; includeInIndex = 0; path = "call-managerTests.xctest"; sourceTree = BUILT_PRODUCTS_DIR; };
		613BC1F023EF629300A850D5 /* call_managerTests.swift */ = {isa = PBXFileReference; lastKnownFileType = sourcecode.swift; path = call_managerTests.swift; sourceTree = "<group>"; };
		613BC1F223EF629300A850D5 /* Info.plist */ = {isa = PBXFileReference; lastKnownFileType = text.plist.xml; path = Info.plist; sourceTree = "<group>"; };
		613BC1F723EF629300A850D5 /* call-managerUITests.xctest */ = {isa = PBXFileReference; explicitFileType = wrapper.cfbundle; includeInIndex = 0; path = "call-managerUITests.xctest"; sourceTree = BUILT_PRODUCTS_DIR; };
		613BC1FB23EF629300A850D5 /* call_managerUITests.swift */ = {isa = PBXFileReference; lastKnownFileType = sourcecode.swift; path = call_managerUITests.swift; sourceTree = "<group>"; };
		613BC1FD23EF629300A850D5 /* Info.plist */ = {isa = PBXFileReference; lastKnownFileType = text.plist.xml; path = Info.plist; sourceTree = "<group>"; };
/* End PBXFileReference section */

/* Begin PBXFrameworksBuildPhase section */
		613BC1D523EF629100A850D5 /* Frameworks */ = {
			isa = PBXFrameworksBuildPhase;
			buildActionMask = 2147483647;
			files = (
			);
			runOnlyForDeploymentPostprocessing = 0;
		};
		613BC1E923EF629300A850D5 /* Frameworks */ = {
			isa = PBXFrameworksBuildPhase;
			buildActionMask = 2147483647;
			files = (
			);
			runOnlyForDeploymentPostprocessing = 0;
		};
		613BC1F423EF629300A850D5 /* Frameworks */ = {
			isa = PBXFrameworksBuildPhase;
			buildActionMask = 2147483647;
			files = (
			);
			runOnlyForDeploymentPostprocessing = 0;
		};
/* End PBXFrameworksBuildPhase section */

/* Begin PBXGroup section */
		613BC1CF23EF629100A850D5 = {
			isa = PBXGroup;
			children = (
				613BC1DA23EF629100A850D5 /* call-manager */,
				613BC1EF23EF629300A850D5 /* call-managerTests */,
				613BC1FA23EF629300A850D5 /* call-managerUITests */,
				613BC1D923EF629100A850D5 /* Products */,
			);
			sourceTree = "<group>";
		};
		613BC1D923EF629100A850D5 /* Products */ = {
			isa = PBXGroup;
			children = (
				613BC1D823EF629100A850D5 /* call-manager.app */,
				613BC1EC23EF629300A850D5 /* call-managerTests.xctest */,
				613BC1F723EF629300A850D5 /* call-managerUITests.xctest */,
			);
			name = Products;
			sourceTree = "<group>";
		};
		613BC1DA23EF629100A850D5 /* call-manager */ = {
			isa = PBXGroup;
			children = (
				613BC1DB23EF629100A850D5 /* AppDelegate.swift */,
				613BC1DD23EF629100A850D5 /* ViewController.swift */,
				613BC1DF23EF629100A850D5 /* Main.storyboard */,
				613BC1E223EF629200A850D5 /* Assets.xcassets */,
				613BC1E423EF629200A850D5 /* LaunchScreen.storyboard */,
				613BC1E723EF629200A850D5 /* Info.plist */,
			);
			path = "call-manager";
			sourceTree = "<group>";
		};
		613BC1EF23EF629300A850D5 /* call-managerTests */ = {
			isa = PBXGroup;
			children = (
				613BC1F023EF629300A850D5 /* call_managerTests.swift */,
				613BC1F223EF629300A850D5 /* Info.plist */,
			);
			path = "call-managerTests";
			sourceTree = "<group>";
		};
		613BC1FA23EF629300A850D5 /* call-managerUITests */ = {
			isa = PBXGroup;
			children = (
				613BC1FB23EF629300A850D5 /* call_managerUITests.swift */,
				613BC1FD23EF629300A850D5 /* Info.plist */,
			);
			path = "call-managerUITests";
			sourceTree = "<group>";
		};
/* End PBXGroup section */

/* Begin PBXNativeTarget section */
		613BC1D723EF629100A850D5 /* call-manager */ = {
			isa = PBXNativeTarget;
			buildConfigurationList = 613BC20023EF629300A850D5 /* Build configuration list for PBXNativeTarget "call-manager" */;
			buildPhases = (
				613BC1D423EF629100A850D5 /* Sources */,
				613BC1D523EF629100A850D5 /* Frameworks */,
				613BC1D623EF629100A850D5 /* Resources */,
			);
			buildRules = (
			);
			dependencies = (
			);
			name = "call-manager";
			productName = "call-manager";
			productReference = 613BC1D823EF629100A850D5 /* call-manager.app */;
			productType = "com.apple.product-type.application";
		};
		613BC1EB23EF629300A850D5 /* call-managerTests */ = {
			isa = PBXNativeTarget;
			buildConfigurationList = 613BC20323EF629300A850D5 /* Build configuration list for PBXNativeTarget "call-managerTests" */;
			buildPhases = (
				613BC1E823EF629300A850D5 /* Sources */,
				613BC1E923EF629300A850D5 /* Frameworks */,
				613BC1EA23EF629300A850D5 /* Resources */,
			);
			buildRules = (
			);
			dependencies = (
				613BC1EE23EF629300A850D5 /* PBXTargetDependency */,
			);
			name = "call-managerTests";
			productName = "call-managerTests";
			productReference = 613BC1EC23EF629300A850D5 /* call-managerTests.xctest */;
			productType = "com.apple.product-type.bundle.unit-test";
		};
		613BC1F623EF629300A850D5 /* call-managerUITests */ = {
			isa = PBXNativeTarget;
			buildConfigurationList = 613BC20623EF629300A850D5 /* Build configuration list for PBXNativeTarget "call-managerUITests" */;
			buildPhases = (
				613BC1F323EF629300A850D5 /* Sources */,
				613BC1F423EF629300A850D5 /* Frameworks */,
				613BC1F523EF629300A850D5 /* Resources */,
			);
			buildRules = (
			);
			dependencies = (
				613BC1F923EF629300A850D5 /* PBXTargetDependency */,
			);
			name = "call-managerUITests";
			productName = "call-managerUITests";
			productReference = 613BC1F723EF629300A850D5 /* call-managerUITests.xctest */;
			productType = "com.apple.product-type.bundle.ui-testing";
		};
/* End PBXNativeTarget section */

/* Begin PBXProject section */
		613BC1D023EF629100A850D5 /* Project object */ = {
			isa = PBXProject;
			attributes = {
				LastSwiftUpdateCheck = 1030;
				LastUpgradeCheck = 1030;
				ORGANIZATIONNAME = "The Regents of the University of Michigan";
				TargetAttributes = {
					613BC1D723EF629100A850D5 = {
						CreatedOnToolsVersion = 10.3;
					};
					613BC1EB23EF629300A850D5 = {
						CreatedOnToolsVersion = 10.3;
						TestTargetID = 613BC1D723EF629100A850D5;
					};
					613BC1F623EF629300A850D5 = {
						CreatedOnToolsVersion = 10.3;
						TestTargetID = 613BC1D723EF629100A850D5;
					};
				};
			};
			buildConfigurationList = 613BC1D323EF629100A850D5 /* Build configuration list for PBXProject "call-manager" */;
			compatibilityVersion = "Xcode 9.3";
			developmentRegion = en;
			hasScannedForEncodings = 0;
			knownRegions = (
				en,
				Base,
			);
			mainGroup = 613BC1CF23EF629100A850D5;
			productRefGroup = 613BC1D923EF629100A850D5 /* Products */;
			projectDirPath = "";
			projectRoot = "";
			targets = (
				613BC1D723EF629100A850D5 /* call-manager */,
				613BC1EB23EF629300A850D5 /* call-managerTests */,
				613BC1F623EF629300A850D5 /* call-managerUITests */,
			);
		};
/* End PBXProject section */

/* Begin PBXResourcesBuildPhase section */
		613BC1D623EF629100A850D5 /* Resources */ = {
			isa = PBXResourcesBuildPhase;
			buildActionMask = 2147483647;
			files = (
				613BC1E623EF629200A850D5 /* LaunchScreen.storyboard in Resources */,
				613BC1E323EF629200A850D5 /* Assets.xcassets in Resources */,
				613BC1E123EF629100A850D5 /* Main.storyboard in Resources */,
			);
			runOnlyForDeploymentPostprocessing = 0;
		};
		613BC1EA23EF629300A850D5 /* Resources */ = {
			isa = PBXResourcesBuildPhase;
			buildActionMask = 2147483647;
			files = (
			);
			runOnlyForDeploymentPostprocessing = 0;
		};
		613BC1F523EF629300A850D5 /* Resources */ = {
			isa = PBXResourcesBuildPhase;
			buildActionMask = 2147483647;
			files = (
			);
			runOnlyForDeploymentPostprocessing = 0;
		};
/* End PBXResourcesBuildPhase section */

/* Begin PBXSourcesBuildPhase section */
		613BC1D423EF629100A850D5 /* Sources */ = {
			isa = PBXSourcesBuildPhase;
			buildActionMask = 2147483647;
			files = (
				613BC1DE23EF629100A850D5 /* ViewController.swift in Sources */,
				613BC1DC23EF629100A850D5 /* AppDelegate.swift in Sources */,
			);
			runOnlyForDeploymentPostprocessing = 0;
		};
		613BC1E823EF629300A850D5 /* Sources */ = {
			isa = PBXSourcesBuildPhase;
			buildActionMask = 2147483647;
			files = (
				613BC1F123EF629300A850D5 /* call_managerTests.swift in Sources */,
			);
			runOnlyForDeploymentPostprocessing = 0;
		};
		613BC1F323EF629300A850D5 /* Sources */ = {
			isa = PBXSourcesBuildPhase;
			buildActionMask = 2147483647;
			files = (
				613BC1FC23EF629300A850D5 /* call_managerUITests.swift in Sources */,
			);
			runOnlyForDeploymentPostprocessing = 0;
		};
/* End PBXSourcesBuildPhase section */

/* Begin PBXTargetDependency section */
		613BC1EE23EF629300A850D5 /* PBXTargetDependency */ = {
			isa = PBXTargetDependency;
			target = 613BC1D723EF629100A850D5 /* call-manager */;
			targetProxy = 613BC1ED23EF629300A850D5 /* PBXContainerItemProxy */;
		};
		613BC1F923EF629300A850D5 /* PBXTargetDependency */ = {
			isa = PBXTargetDependency;
			target = 613BC1D723EF629100A850D5 /* call-manager */;
			targetProxy = 613BC1F823EF629300A850D5 /* PBXContainerItemProxy */;
		};
/* End PBXTargetDependency section */

/* Begin PBXVariantGroup section */
		613BC1DF23EF629100A850D5 /* Main.storyboard */ = {
			isa = PBXVariantGroup;
			children = (
				613BC1E023EF629100A850D5 /* Base */,
			);
			name = Main.storyboard;
			sourceTree = "<group>";
		};
		613BC1E423EF629200A850D5 /* LaunchScreen.storyboard */ = {
			isa = PBXVariantGroup;
			children = (
				613BC1E523EF629200A850D5 /* Base */,
			);
			name = LaunchScreen.storyboard;
			sourceTree = "<group>";
		};
/* End PBXVariantGroup section */

/* Begin XCBuildConfiguration section */
		613BC1FE23EF629300A850D5 /* Debug */ = {
			isa = XCBuildConfiguration;
			buildSettings = {
				ALWAYS_SEARCH_USER_PATHS = NO;
				CLANG_ANALYZER_NONNULL = YES;
				CLANG_ANALYZER_NUMBER_OBJECT_CONVERSION = YES_AGGRESSIVE;
				CLANG_CXX_LANGUAGE_STANDARD = "gnu++14";
				CLANG_CXX_LIBRARY = "libc++";
				CLANG_ENABLE_MODULES = YES;
				CLANG_ENABLE_OBJC_ARC = YES;
				CLANG_ENABLE_OBJC_WEAK = YES;
				CLANG_WARN_BLOCK_CAPTURE_AUTORELEASING = YES;
				CLANG_WARN_BOOL_CONVERSION = YES;
				CLANG_WARN_COMMA = YES;
				CLANG_WARN_CONSTANT_CONVERSION = YES;
				CLANG_WARN_DEPRECATED_OBJC_IMPLEMENTATIONS = YES;
				CLANG_WARN_DIRECT_OBJC_ISA_USAGE = YES_ERROR;
				CLANG_WARN_DOCUMENTATION_COMMENTS = YES;
				CLANG_WARN_EMPTY_BODY = YES;
				CLANG_WARN_ENUM_CONVERSION = YES;
				CLANG_WARN_INFINITE_RECURSION = YES;
				CLANG_WARN_INT_CONVERSION = YES;
				CLANG_WARN_NON_LITERAL_NULL_CONVERSION = YES;
				CLANG_WARN_OBJC_IMPLICIT_RETAIN_SELF = YES;
				CLANG_WARN_OBJC_LITERAL_CONVERSION = YES;
				CLANG_WARN_OBJC_ROOT_CLASS = YES_ERROR;
				CLANG_WARN_RANGE_LOOP_ANALYSIS = YES;
				CLANG_WARN_STRICT_PROTOTYPES = YES;
				CLANG_WARN_SUSPICIOUS_MOVE = YES;
				CLANG_WARN_UNGUARDED_AVAILABILITY = YES_AGGRESSIVE;
				CLANG_WARN_UNREACHABLE_CODE = YES;
				CLANG_WARN__DUPLICATE_METHOD_MATCH = YES;
				CODE_SIGN_IDENTITY = "iPhone Developer";
				COPY_PHASE_STRIP = NO;
				DEBUG_INFORMATION_FORMAT = dwarf;
				ENABLE_STRICT_OBJC_MSGSEND = YES;
				ENABLE_TESTABILITY = YES;
				GCC_C_LANGUAGE_STANDARD = gnu11;
				GCC_DYNAMIC_NO_PIC = NO;
				GCC_NO_COMMON_BLOCKS = YES;
				GCC_OPTIMIZATION_LEVEL = 0;
				GCC_PREPROCESSOR_DEFINITIONS = (
					"DEBUG=1",
					"$(inherited)",
				);
				GCC_WARN_64_TO_32_BIT_CONVERSION = YES;
				GCC_WARN_ABOUT_RETURN_TYPE = YES_ERROR;
				GCC_WARN_UNDECLARED_SELECTOR = YES;
				GCC_WARN_UNINITIALIZED_AUTOS = YES_AGGRESSIVE;
				GCC_WARN_UNUSED_FUNCTION = YES;
				GCC_WARN_UNUSED_VARIABLE = YES;
				IPHONEOS_DEPLOYMENT_TARGET = 12.4;
				MTL_ENABLE_DEBUG_INFO = INCLUDE_SOURCE;
				MTL_FAST_MATH = YES;
				ONLY_ACTIVE_ARCH = YES;
				SDKROOT = iphoneos;
				SWIFT_ACTIVE_COMPILATION_CONDITIONS = DEBUG;
				SWIFT_OPTIMIZATION_LEVEL = "-Onone";
			};
			name = Debug;
		};
		613BC1FF23EF629300A850D5 /* Release */ = {
			isa = XCBuildConfiguration;
			buildSettings = {
				ALWAYS_SEARCH_USER_PATHS = NO;
				CLANG_ANALYZER_NONNULL = YES;
				CLANG_ANALYZER_NUMBER_OBJECT_CONVERSION = YES_AGGRESSIVE;
				CLANG_CXX_LANGUAGE_STANDARD = "gnu++14";
				CLANG_CXX_LIBRARY = "libc++";
				CLANG_ENABLE_MODULES = YES;
				CLANG_ENABLE_OBJC_ARC = YES;
				CLANG_ENABLE_OBJC_WEAK = YES;
				CLANG_WARN_BLOCK_CAPTURE_AUTORELEASING = YES;
				CLANG_WARN_BOOL_CONVERSION = YES;
				CLANG_WARN_COMMA = YES;
				CLANG_WARN_CONSTANT_CONVERSION = YES;
				CLANG_WARN_DEPRECATED_OBJC_IMPLEMENTATIONS = YES;
				CLANG_WARN_DIRECT_OBJC_ISA_USAGE = YES_ERROR;
				CLANG_WARN_DOCUMENTATION_COMMENTS = YES;
				CLANG_WARN_EMPTY_BODY = YES;
				CLANG_WARN_ENUM_CONVERSION = YES;
				CLANG_WARN_INFINITE_RECURSION = YES;
				CLANG_WARN_INT_CONVERSION = YES;
				CLANG_WARN_NON_LITERAL_NULL_CONVERSION = YES;
				CLANG_WARN_OBJC_IMPLICIT_RETAIN_SELF = YES;
				CLANG_WARN_OBJC_LITERAL_CONVERSION = YES;
				CLANG_WARN_OBJC_ROOT_CLASS = YES_ERROR;
				CLANG_WARN_RANGE_LOOP_ANALYSIS = YES;
				CLANG_WARN_STRICT_PROTOTYPES = YES;
				CLANG_WARN_SUSPICIOUS_MOVE = YES;
				CLANG_WARN_UNGUARDED_AVAILABILITY = YES_AGGRESSIVE;
				CLANG_WARN_UNREACHABLE_CODE = YES;
				CLANG_WARN__DUPLICATE_METHOD_MATCH = YES;
				CODE_SIGN_IDENTITY = "iPhone Developer";
				COPY_PHASE_STRIP = NO;
				DEBUG_INFORMATION_FORMAT = "dwarf-with-dsym";
				ENABLE_NS_ASSERTIONS = NO;
				ENABLE_STRICT_OBJC_MSGSEND = YES;
				GCC_C_LANGUAGE_STANDARD = gnu11;
				GCC_NO_COMMON_BLOCKS = YES;
				GCC_WARN_64_TO_32_BIT_CONVERSION = YES;
				GCC_WARN_ABOUT_RETURN_TYPE = YES_ERROR;
				GCC_WARN_UNDECLARED_SELECTOR = YES;
				GCC_WARN_UNINITIALIZED_AUTOS = YES_AGGRESSIVE;
				GCC_WARN_UNUSED_FUNCTION = YES;
				GCC_WARN_UNUSED_VARIABLE = YES;
				IPHONEOS_DEPLOYMENT_TARGET = 12.4;
				MTL_ENABLE_DEBUG_INFO = NO;
				MTL_FAST_MATH = YES;
				SDKROOT = iphoneos;
				SWIFT_COMPILATION_MODE = wholemodule;
				SWIFT_OPTIMIZATION_LEVEL = "-O";
				VALIDATE_PRODUCT = YES;
			};
			name = Release;
		};
		613BC20123EF629300A850D5 /* Debug */ = {
			isa = XCBuildConfiguration;
			buildSettings = {
				ASSETCATALOG_COMPILER_APPICON_NAME = AppIcon;
				CODE_SIGN_STYLE = Automatic;
				INFOPLIST_FILE = "call-manager/Info.plist";
				LD_RUNPATH_SEARCH_PATHS = (
					"$(inherited)",
					"@executable_path/Frameworks",
				);
				PRODUCT_BUNDLE_IDENTIFIER = "edu.umich.eecs441.call-manager";
				PRODUCT_NAME = "$(TARGET_NAME)";
				SWIFT_VERSION = 5.0;
				TARGETED_DEVICE_FAMILY = "1,2";
			};
			name = Debug;
		};
		613BC20223EF629300A850D5 /* Release */ = {
			isa = XCBuildConfiguration;
			buildSettings = {
				ASSETCATALOG_COMPILER_APPICON_NAME = AppIcon;
				CODE_SIGN_STYLE = Automatic;
				INFOPLIST_FILE = "call-manager/Info.plist";
				LD_RUNPATH_SEARCH_PATHS = (
					"$(inherited)",
					"@executable_path/Frameworks",
				);
				PRODUCT_BUNDLE_IDENTIFIER = "edu.umich.eecs441.call-manager";
				PRODUCT_NAME = "$(TARGET_NAME)";
				SWIFT_VERSION = 5.0;
				TARGETED_DEVICE_FAMILY = "1,2";
			};
			name = Release;
		};
		613BC20423EF629300A850D5 /* Debug */ = {
			isa = XCBuildConfiguration;
			buildSettings = {
				ALWAYS_EMBED_SWIFT_STANDARD_LIBRARIES = YES;
				BUNDLE_LOADER = "$(TEST_HOST)";
				CODE_SIGN_STYLE = Automatic;
				INFOPLIST_FILE = "call-managerTests/Info.plist";
				LD_RUNPATH_SEARCH_PATHS = (
					"$(inherited)",
					"@executable_path/Frameworks",
					"@loader_path/Frameworks",
				);
				PRODUCT_BUNDLE_IDENTIFIER = "edu.umich.eecs441.call-managerTests";
				PRODUCT_NAME = "$(TARGET_NAME)";
				SWIFT_VERSION = 5.0;
				TARGETED_DEVICE_FAMILY = "1,2";
				TEST_HOST = "$(BUILT_PRODUCTS_DIR)/call-manager.app/call-manager";
			};
			name = Debug;
		};
		613BC20523EF629300A850D5 /* Release */ = {
			isa = XCBuildConfiguration;
			buildSettings = {
				ALWAYS_EMBED_SWIFT_STANDARD_LIBRARIES = YES;
				BUNDLE_LOADER = "$(TEST_HOST)";
				CODE_SIGN_STYLE = Automatic;
				INFOPLIST_FILE = "call-managerTests/Info.plist";
				LD_RUNPATH_SEARCH_PATHS = (
					"$(inherited)",
					"@executable_path/Frameworks",
					"@loader_path/Frameworks",
				);
				PRODUCT_BUNDLE_IDENTIFIER = "edu.umich.eecs441.call-managerTests";
				PRODUCT_NAME = "$(TARGET_NAME)";
				SWIFT_VERSION = 5.0;
				TARGETED_DEVICE_FAMILY = "1,2";
				TEST_HOST = "$(BUILT_PRODUCTS_DIR)/call-manager.app/call-manager";
			};
			name = Release;
		};
		613BC20723EF629300A850D5 /* Debug */ = {
			isa = XCBuildConfiguration;
			buildSettings = {
				ALWAYS_EMBED_SWIFT_STANDARD_LIBRARIES = YES;
				CODE_SIGN_STYLE = Automatic;
				INFOPLIST_FILE = "call-managerUITests/Info.plist";
				LD_RUNPATH_SEARCH_PATHS = (
					"$(inherited)",
					"@executable_path/Frameworks",
					"@loader_path/Frameworks",
				);
				PRODUCT_BUNDLE_IDENTIFIER = "edu.umich.eecs441.call-managerUITests";
				PRODUCT_NAME = "$(TARGET_NAME)";
				SWIFT_VERSION = 5.0;
				TARGETED_DEVICE_FAMILY = "1,2";
				TEST_TARGET_NAME = "call-manager";
			};
			name = Debug;
		};
		613BC20823EF629300A850D5 /* Release */ = {
			isa = XCBuildConfiguration;
			buildSettings = {
				ALWAYS_EMBED_SWIFT_STANDARD_LIBRARIES = YES;
				CODE_SIGN_STYLE = Automatic;
				INFOPLIST_FILE = "call-managerUITests/Info.plist";
				LD_RUNPATH_SEARCH_PATHS = (
					"$(inherited)",
					"@executable_path/Frameworks",
					"@loader_path/Frameworks",
				);
				PRODUCT_BUNDLE_IDENTIFIER = "edu.umich.eecs441.call-managerUITests";
				PRODUCT_NAME = "$(TARGET_NAME)";
				SWIFT_VERSION = 5.0;
				TARGETED_DEVICE_FAMILY = "1,2";
				TEST_TARGET_NAME = "call-manager";
			};
			name = Release;
		};
/* End XCBuildConfiguration section */

/* Begin XCConfigurationList section */
		613BC1D323EF629100A850D5 /* Build configuration list for PBXProject "call-manager" */ = {
			isa = XCConfigurationList;
			buildConfigurations = (
				613BC1FE23EF629300A850D5 /* Debug */,
				613BC1FF23EF629300A850D5 /* Release */,
			);
			defaultConfigurationIsVisible = 0;
			defaultConfigurationName = Release;
		};
		613BC20023EF629300A850D5 /* Build configuration list for PBXNativeTarget "call-manager" */ = {
			isa = XCConfigurationList;
			buildConfigurations = (
				613BC20123EF629300A850D5 /* Debug */,
				613BC20223EF629300A850D5 /* Release */,
			);
			defaultConfigurationIsVisible = 0;
			defaultConfigurationName = Release;
		};
		613BC20323EF629300A850D5 /* Build configuration list for PBXNativeTarget "call-managerTests" */ = {
			isa = XCConfigurationList;
			buildConfigurations = (
				613BC20423EF629300A850D5 /* Debug */,
				613BC20523EF629300A850D5 /* Release */,
			);
			defaultConfigurationIsVisible = 0;
			defaultConfigurationName = Release;
		};
		613BC20623EF629300A850D5 /* Build configuration list for PBXNativeTarget "call-managerUITests" */ = {
			isa = XCConfigurationList;
			buildConfigurations = (
				613BC20723EF629300A850D5 /* Debug */,
				613BC20823EF629300A850D5 /* Release */,
			);
			defaultConfigurationIsVisible = 0;
			defaultConfigurationName = Release;
		};
/* End XCConfigurationList section */
	};
	rootObject = 613BC1D023EF629100A850D5 /* Project object */;
}
